version = 1
revision = 3
requires-python = ">=3.11"

[[package]]
name = "sentencepiece"
version = "0.2.2"
source = { registry = "https://pypi.org/simple" }
sdist = { url = "https://files.pythonhosted.org/packages/cc/33/ea3cb3839607eb175da835244a798f797f478c5ddf0e8ecdf57ea85a4c70/sentencepiece-0.2.2.tar.gz", hash = "sha256:3d2b5e824b5622038dc7b490897efe05ebbbb9e7350fc142f3ecc8789ef9bdf6", size = 8218435, upload-time = "2026-07-12T08:39:34.701Z" }
wheels = [
    { url = "https://files.pythonhosted.org/packages/20/31/f23a2efaa0210b883574001b88fa64e499f798f0848a0b610fb9b384d162/sentencepiece-0.2.2-cp311-cp311-macosx_10_9_universal2.whl", hash = "sha256:69e9dc8078e128286ed3b975e37c837ba96e215a50c3ef9f3f8b7ab9e5a832a0", size = 2184255, upload-time = "2026-07-12T08:38:14.855Z" },
    { url = "https://files.pythonhosted.org/packages/96/f2/1ee0ccb772d71e822f625d6cb5f0ea825835e877f28a9ef299a1291df19e/sentencepiece-0.2.2-cp311-cp311-macosx_10_9_x86_64.whl", hash = "sha256:6dd76f3e5c8b2eb8a3a3efee787bbf5b9a66e52a048fe09cab85eca33fec6790", size = 1438545, upload-time = "2026-07-12T08:38:16.674Z" },
    { url = "https://files.pythonhosted.org/packages/2a/92/3a6ea4a2c6dd9e7062698a5a33534ca0e20844883338ae9c6b9c122c1a9f/sentencepiece-0.2.2-cp311-cp311-macosx_11_0_arm64.whl", hash = "sha256:443ac618c7a2a1377cf5c82581fbb849591d14e656d5e5a3e4682d4e36a34e4e", size = 1346997, upload-time = "2026-07-12T08:38:18.499Z" },
    { url = "https://files.pythonhosted.org/packages/f3/3a/7839048997c7bc0c34c57526f539f835e20c7a57dc2a99f99579b11cdbef/sentencepiece-0.2.2-cp311-cp311-manylinux_2_27_aarch64.manylinux_2_28_aarch64.whl", hash = "sha256:0e2aae42960392d6dcb9a72d8e1e65a97294c965071b43c7b3429a42f350250e", size = 1324282, upload-time = "2026-07-12T08:38:20.342Z" },
    { url = "https://files.pythonhosted.org/packages/06/5f/9117bf854aef817ad0d0ee9310eed0308a7e529e7eaf2e80ad9cd281ef82/sentencepiece-0.2.2-cp311-cp311-manylinux_2_27_x86_64.manylinux_2_28_x86_64.whl", hash = "sha256:1416b92f2f010333786fe6306ed2631121d5ea492219b0841e967b6765e64107", size = 1394242, upload-time = "2026-07-12T08:38:22.976Z" },
    { url = "https://files.pythonhosted.org/packages/ab/62/9e2569867e3dcff7ad6d89642a9615b9801b5cd698abe7df3b490361f66e/sentencepiece-0.2.2-cp311-cp311-win_amd64.whl", hash = "sha256:70d4ca6f4d06df7f0ccab6fe4f49c8a712c8c8b6847b4f0af9a0e1dbb0e0337e", size = 1246268, upload-time = "2026-07-12T08:38:24.857Z" },
    { url = "https://files.pythonhosted.org/packages/96/c9/5d781d4ef1124564a45c98b9ff25d531c10cdf568ec6314a2d1946f9251c/sentencepiece-0.2.2-cp311-cp311-win_arm64.whl", hash = "sha256:252908153eeec06c3ca3a32077e64a49d572e3d89881475b4e0f02d99d9fcc7c", size = 1190702, upload-time = "2026-07-12T08:38:26.789Z" },
    { url = "https://files.pythonhosted.org/packages/b8/13/7a562289c8d5b49ebdf3f9c1e8ab67cf14a8743b1d90c8f406bfdec36b72/sentencepiece-0.2.2-cp312-cp312-macosx_10_13_universal2.whl", hash = "sha256:1edb10e520e4bddf74d85b0f5ae74cc2d60c2b448885080bfb618bc2b3a49f6b", size = 2188384, upload-time = "2026-07-12T08:38:28.486Z" },
    { url = "https://files.pythonhosted.org/packages/85/d1/912f14fd5eae168aba726ffb6a9a2dc1c71fe7676c53da6f5c442b886d4a/sentencepiece-0.2.2-cp312-cp312-macosx_10_13_x86_64.whl", hash = "sha256:f7c06c751c19d923435a54bff4f7e66e728fad160e8da28254f133abc9725820", size = 1441553, upload-time = "2026-07-12T08:38:30.552Z" },
    { url = "https://files.pythonhosted.org/packages/bd/44/caa9cab5f261a019e2808bc5046152775dc57352ba9cbae7525e9e7a1ed4/sentencepiece-0.2.2-cp312-cp312-macosx_11_0_arm64.whl", hash = "sha256:38111ed1f79268f399c505028023d5eaaf0ab4e5eafceb709468b0d3323e7838", size = 1347176, upload-time = "2026-07-12T08:38:32.211Z" },
    { url = "https://files.pythonhosted.org/packages/19/90/cd798935668cff71d309d8ff10385844ecf216b1fe454f1993ed8bf2cb91/sentencepiece-0.2.2-cp312-cp312-manylinux_2_27_aarch64.manylinux_2_28_aarch64.whl", hash = "sha256:cbce24284f51f71d10a42b7b9c964dcb9048b28f1c8e5db40bcbcb6f428cba6a", size = 1325200, upload-time = "2026-07-12T08:38:33.689Z" },
    { url = "https://files.pythonhosted.org/packages/b6/2d/37e3da037318a70066ded0d51bc2a7f35491ae6338dd993d5eb1503fc3b5/sentencepiece-0.2.2-cp312-cp312-manylinux_2_27_x86_64.manylinux_2_28_x86_64.whl", hash = "sha256:c8a168b040bc61681293f79a949b5d911c8e25086f4260285b8d97ab5f1195da", size = 1397736, upload-time = "2026-07-12T08:38:35.771Z" },
    { url = "https://files.pythonhosted.org/packages/8d/11/753fca2e6b109be3ab7867abf357dfe48677fe726ae5a5363d0b54ca9450/sentencepiece-0.2.2-cp312-cp312-win_amd64.whl", hash = "sha256:7c6e7bf684dc12145bfa685d3060beaea55139134ba848289bee514ed42e7383", size = 1248030, upload-time = "2026-07-12T08:38:37.604Z" },
    { url = "https://files.pythonhosted.org/packages/e2/0a/70efbe861ca182d7d4b6e1a20f58e043400848fa9f2915229f082e221648/sentencepiece-0.2.2-cp312-cp312-win_arm64.whl", hash = "sha256:76ff5814db72e7462dece042d7593cdf102b8ec82c2b1cc201a2add34ee3050d", size = 1187325, upload-time = "2026-07-12T08:38:39.348Z" },
    { url = "https://files.pythonhosted.org/packages/b9/a3/b3b05095c174d6e80d37d5ddc2f57c2c56237333e7bbd6079cf3243c2a8a/sentencepiece-0.2.2-cp313-cp313-macosx_10_13_universal2.whl", hash = "sha256:77c3ce990b23441e5ecfa5bce181fd6f408b564aeb6d7e1d1e7de9c5612501c8", size = 2188346, upload-time = "2026-07-12T08:38:41.089Z" },
    { url = "https://files.pythonhosted.org/packages/ca/f3/72ebc4acb10a06bcf7503fbc6091c8f5db68300f6aac4356c09e6c76e0e1/sentencepiece-0.2.2-cp313-cp313-macosx_10_13_x86_64.whl", hash = "sha256:fd523c4992041faa5c2b3cde62253d11a96c30d73a34afe48a486e8e2254cd1c", size = 1441434, upload-time = "2026-07-12T08:38:42.56Z" },
    { url = "https://files.pythonhosted.org/packages/34/db/f9ea1a6844b4fa5dfe2312095cd866a1f724cd0905054ab9d5991778ba50/sentencepiece-0.2.2-cp313-cp313-macosx_11_0_arm64.whl", hash = "sha256:201a8e0f55501a76e08dbf2c54bc45f4642b379271e89c667d517bfbc2191f2a", size = 1347267, upload-time = "2026-07-12T08:38:44.389Z" },
    { url = "https://files.pythonhosted.org/packages/32/4f/31c1073314ad94466bca37d29581761d70110237ee3d46b0efece59a8c1e/sentencepiece-0.2.2-cp313-cp313-manylinux_2_27_aarch64.manylinux_2_28_aarch64.whl", hash = "sha256:8eed98514bffe5ecac37f493f91869c351fbb05629328bfdbc08502c6c094dc0", size = 1324980, upload-time = "2026-07-12T08:38:46.304Z" },
    { url = "https://files.pythonhosted.org/packages/59/b4/a0356fa04d6a14337a6e0e443556785a0422c53ec58baae6b9568120eb0f/sentencepiece-0.2.2-cp313-cp313-manylinux_2_27_x86_64.manylinux_2_28_x86_64.whl", hash = "sha256:64b656f025355cf8c51abe9fbe3848540756c6d7ca5e6791b1afa664bc24c7cb", size = 1397593, upload-time = "2026-07-12T08:38:48.302Z" },
    { url = "https://files.pythonhosted.org/packages/09/fa/d2d6369257fd2f0de616b1c7110b73fab409ef61b14f1b9e0010ed325914/sentencepiece-0.2.2-cp313-cp313-win_amd64.whl", hash = "sha256:74f0ee601047c0c12a783088b51be4e6214a62ecd9e02278c477433cd16e0ed9", size = 1247987, upload-time = "2026-07-12T08:38:50.15Z" },
    { url = "https://files.pythonhosted.org/packages/17/ee/2bb594da6fd95e32f29057f1aa7fa996701b8980090923c2d8711fdc0a24/sentencepiece-0.2.2-cp313-cp313-win_arm64.whl", hash = "sha256:b23fe17779834d3c27aaf2edac9486d04cca1a7deb8f5facda35150ac6263a91", size = 1187250, upload-time = "2026-07-12T08:38:52.246Z" },
    { url = "https://files.pythonhosted.org/packages/58/9c/dfc82846460e7a712310f5613f23d8b553cabb4e2e648663c11d8382af56/sentencepiece-0.2.2-cp313-cp313t-macosx_10_13_universal2.whl", hash = "sha256:72b7825b331b1b7e7c45be2e674b3e3c65af608fa376bad2d851b20aaf0cdc78", size = 2223080, upload-time = "2026-07-12T08:38:54.391Z" },
    { url = "https://files.pythonhosted.org/packages/8d/4e/3ff12cebe6d31662d9ceeabfb282de20bd0d6098fa282b4a3b8305abc7e8/sentencepiece-0.2.2-cp313-cp313t-macosx_10_13_x86_64.whl", hash = "sha256:d795c4ac689a57f9d4ba2288126ec7901d389ad5827d2f8b8533c883974fe563", size = 1458511, upload-time = "2026-07-12T08:38:56.811Z" },
    { url = "https://files.pythonhosted.org/packages/59/5a/16d51d05360be4cee3ebfe4837c184054c4eed16cabaeb3b039524e9a000/sentencepiece-0.2.2-cp313-cp313t-macosx_11_0_arm64.whl", hash = "sha256:3ab3f1ae98970b5590e2209341522718900ba19bcc2c207ffaa6bd417ad960c5", size = 1361138, upload-time = "2026-07-12T08:38:58.808Z" },
    { url = "https://files.pythonhosted.org/packages/0f/af/c30ee2a9f99d51db9844acaa8fa0b611a97c2fa7116646fa43db3300b187/sentencepiece-0.2.2-cp313-cp313t-manylinux_2_27_aarch64.manylinux_2_28_aarch64.whl", hash = "sha256:3ec27c152a1f1b24bc9168b55a5880f3c16e2334e697da6f55a1046a22405a3d", size = 1328625, upload-time = "2026-07-12T08:39:00.849Z" },
    { url = "https://files.pythonhosted.org/packages/3e/1a/4c6b39d03f5ba8439509adbd5a23c9538088a3cb679e7a47b911e8442bc6/sentencepiece-0.2.2-cp313-cp313t-manylinux_2_27_x86_64.manylinux_2_28_x86_64.whl", hash = "sha256:59d6588712101ccfcae9b03692be3aaae1514c2078666d7b05f15ba3a702e41b", size = 1398595, upload-time = "2026-07-12T08:39:02.86Z" },
    { url = "https://files.pythonhosted.org/packages/0f/bc/9eedddcec1fd57bc70200fa3ebf792d18fa63527a5369581cd416c81f97f/sentencepiece-0.2.2-cp313-cp313t-win_amd64.whl", hash = "sha256:89625fb43765cccaa1443b9adb61f283e5fe4cb1536728205d06bada730caa53", size = 1259346, upload-time = "2026-07-12T08:39:04.559Z" },
    { url = "https://files.pythonhosted.org/packages/41/15/7e74c8533848866ff560b29f7d8719921b76c4ec7149592d6d28e0deee75/sentencepiece-0.2.2-cp313-cp313t-win_arm64.whl", hash = "sha256:4f0603267cd15b92b68c2c0e852a441507614b70dc7773659baa6b8c214a91fd", size = 1196596, upload-time = "2026-07-12T08:39:06.454Z" },
    { url = "https://files.pythonhosted.org/packages/0b/7e/f5df63edb6bcb46c1343cfa5d9192d73a4eb61af2e800d9402efff387523/sentencepiece-0.2.2-cp314-cp314-macosx_10_15_universal2.whl", hash = "sha256:c62bd361cec1f5b556eb8210264ecfff37486cd990c3386cc00310f26c54090a", size = 2190240, upload-time = "2026-07-12T08:39:08.178Z" },
    { url = "https://files.pythonhosted.org/packages/52/0a/095d183b453b2a2e20b016829029c58eca90adc1c9911113e5d26fff45ed/sentencepiece-0.2.2-cp314-cp314-macosx_10_15_x86_64.whl", hash = "sha256:46ba07b543add034de0ff47ac5f907e9a06682f91d85121a972764628933be6b", size = 1442220, upload-time = "2026-07-12T08:39:09.91Z" },
    { url = "https://files.pythonhosted.org/packages/d1/18/823954c9c90e74eba09fb96752dc37a5555df00d69866cb9406d1725dc7e/sentencepiece-0.2.2-cp314-cp314-macosx_11_0_arm64.whl", hash = "sha256:79bac5a251f23a7341e28fda9ce0d5319edf45328239ce037c0682936f137906", size = 1348056, upload-time = "2026-07-12T08:39:11.744Z" },
    { url = "https://files.pythonhosted.org/packages/10/ca/1b6c251321901cbf8a2d2e48b8b70eb82a449011b766af52a228d0a90b6b/sentencepiece-0.2.2-cp314-cp314-manylinux_2_27_aarch64.manylinux_2_28_aarch64.whl", hash = "sha256:1402d8ee36f0d851cea8eee4dbb85fea14643b7503cf4d00d102eec0fe3ca719", size = 1325463, upload-time = "2026-07-12T08:39:13.413Z" },
    { url = "https://files.pythonhosted.org/packages/24/b3/718847349da7b25c8220ed86d85b89080af94740b2d87a59198104ae5c51/sentencepiece-0.2.2-cp314-cp314-manylinux_2_27_x86_64.manylinux_2_28_x86_64.whl", hash = "sha256:8d44b20234905ff022b7d535f79d1f823ad7670c9851cc4f03cdc34787cdb3ab", size = 1398138, upload-time = "2026-07-12T08:39:15.564Z" },
    { url = "https://files.pythonhosted.org/packages/33/fe/4906f12c458274edd96387e4baaad7c6f064a2b7c11a1cc2401c8a7bd483/sentencepiece-0.2.2-cp314-cp314-win_amd64.whl", hash = "sha256:63250cfab8b80a1ef82a614eb2b3cadfec2c405f870cedc139d08e2f063eb708", size = 1356144, upload-time = "2026-07-12T08:39:17.313Z" },
    { url = "https://files.pythonhosted.org/packages/d3/eb/22f89b6542aba400b0007cf0b1697cc3f99be8fb682fdb4c05eec450e33f/sentencepiece-0.2.2-cp314-cp314-win_arm64.whl", hash = "sha256:65d84ec36888de4a848eee5f910e67fbc79b064685ef1e10a502e14520ead9c9", size = 1294351, upload-time = "2026-07-12T08:39:18.967Z" },
    { url = "https://files.pythonhosted.org/packages/84/c4/7afe8c2315b76e46818851a057e50a378a0382aa00b970a1fa444181b6f6/sentencepiece-0.2.2-cp314-cp314t-macosx_10_15_universal2.whl", hash = "sha256:d254c98ca6387655400b3959c33c83efd807f5edeb608e3aca45800ceaa77151", size = 2223281, upload-time = "2026-07-12T08:39:20.978Z" },
    { url = "https://files.pythonhosted.org/packages/98/42/fb678e472c554ef086be6375d20060ca610a2c4218854d4c091001fc6f91/sentencepiece-0.2.2-cp314-cp314t-macosx_10_15_x86_64.whl", hash = "sha256:3fd9ce2ab4460c713cfdeb4aca693ca6732a11538e05fb332d5af42e3d7fde25", size = 1458779, upload-time = "2026-07-12T08:39:22.812Z" },
    { url = "https://files.pythonhosted.org/packages/78/52/ffe402b13bce1889228a98dc6cd86ae8afac1112362236be3468be784441/sentencepiece-0.2.2-cp314-cp314t-macosx_11_0_arm64.whl", hash = "sha256:7fc14c1585139fa6b68775e616a6b90cf622ebf219f9558c0aeaf5d253ee6c9b", size = 1361736, upload-time = "2026-07-12T08:39:24.602Z" },
    { url = "https://files.pythonhosted.org/packages/78/4a/2288f60e7283583ec0a0f16e72f9c8e68557d7e7a4b585d2cda4f9f47e64/sentencepiece-0.2.2-cp314-cp314t-manylinux_2_27_aarch64.manylinux_2_28_aarch64.whl", hash = "sha256:df88b0c34f2fa909d322f7b06b1398e1e81af4b2f42a7b8e3556f928b25d1811", size = 1328155, upload-time = "2026-07-12T08:39:26.422Z" },
    { url = "https://files.pythonhosted.org/packages/26/31/5dd6882ebe899f741a5cfe40ff56c6efc06bc26ee287abdb723b671f409c/sentencepiece-0.2.2-cp314-cp314t-manylinux_2_27_x86_64.manylinux_2_28_x86_64.whl", hash = "sha256:3f5851441ab1ef8634963a5100b733a8bbeefe623e0c5c005b1f1f3880e574cf", size = 1398307, upload-time = "2026-07-12T08:39:28.637Z" },
    { url = "https://files.pythonhosted.org/packages/da/05/7d7780fa63f4b8c1821953b916e25f89ae8f14d4da6ba91e10f6d06dc2b4/sentencepiece-0.2.2-cp314-cp314t-win_amd64.whl", hash = "sha256:046b15ea22d8042e2e173561d464ec3b64a9c2081324df70ebce7bf7ebb3e497", size = 1367133, upload-time = "2026-07-12T08:39:30.546Z" },
    { url = "https://files.pythonhosted.org/packages/49/a1/70007fef3f818c688de4a730f98024a671599ab67f20270f8efb03d69dcc/sentencepiece-0.2.2-cp314-cp314t-win_arm64.whl", hash = "sha256:fa9f5ef0e2a82233dd0b8b32ea3f5710e0c44afbc07ed3620219f32601e56090", size = 1302760, upload-time = "2026-07-12T08:39:32.457Z" },
]

[[package]]
name = "spm-ocr"
version = "0.4.7"
source = { virtual = "." }
dependencies = [
    { name = "sentencepiece" },
]

[package.metadata]
requires-dist = [{ name = "sentencepiece", specifier = ">=0.2.2" }]
